
Microsoft Visual Studio Solution File, Format Version 12.00
# Visual Studio Version 17
VisualStudioVersion = 17.5.002.0
MinimumVisualStudioVersion = 10.0.40219.1
Project("{9A19103F-16F7-4668-BE54-9A1E7A4F7556}") = "Task3", "Task3.csproj", "{1D6EF011-93BE-4969-BF76-80E5B821DFCD}"
EndProject
Global
	GlobalSection(SolutionConfigurationPlatforms) = preSolution
		Debug|Any CPU = Debug|Any CPU
		Release|Any CPU = Release|Any CPU
	EndGlobalSection
	GlobalSection(ProjectConfigurationPlatforms) = postSolution
		{1D6EF011-93BE-4969-BF76-80E5B821DFCD}.Debug|Any CPU.ActiveCfg = Debug|Any CPU
		{1D6EF011-93BE-4969-BF76-80E5B821DFCD}.Debug|Any CPU.Build.0 = Debug|Any CPU
		{1D6EF011-93BE-4969-BF76-80E5B821DFCD}.Release|Any CPU.ActiveCfg = Release|Any CPU
		{1D6EF011-93BE-4969-BF76-80E5B821DFCD}.Release|Any CPU.Build.0 = Release|Any CPU
	EndGlobalSection
	GlobalSection(SolutionProperties) = preSolution
		HideSolutionNode = FALSE
	EndGlobalSection
	GlobalSection(ExtensibilityGlobals) = postSolution
		SolutionGuid = {FFDF3425-67CE-495C-BED6-4685222BFE1E}
	EndGlobalSection
EndGlobal
