
Microsoft Visual Studio Solution File, Format Version 12.00
# Visual Studio Version 17
VisualStudioVersion = 17.5.002.0
MinimumVisualStudioVersion = 10.0.40219.1
Project("{9A19103F-16F7-4668-BE54-9A1E7A4F7556}") = "Task1", "Task1.csproj", "{69A2A014-C3DB-4169-9146-2E61DE9BB77C}"
EndProject
Global
	GlobalSection(SolutionConfigurationPlatforms) = preSolution
		Debug|Any CPU = Debug|Any CPU
		Release|Any CPU = Release|Any CPU
	EndGlobalSection
	GlobalSection(ProjectConfigurationPlatforms) = postSolution
		{69A2A014-C3DB-4169-9146-2E61DE9BB77C}.Debug|Any CPU.ActiveCfg = Debug|Any CPU
		{69A2A014-C3DB-4169-9146-2E61DE9BB77C}.Debug|Any CPU.Build.0 = Debug|Any CPU
		{69A2A014-C3DB-4169-9146-2E61DE9BB77C}.Release|Any CPU.ActiveCfg = Release|Any CPU
		{69A2A014-C3DB-4169-9146-2E61DE9BB77C}.Release|Any CPU.Build.0 = Release|Any CPU
	EndGlobalSection
	GlobalSection(SolutionProperties) = preSolution
		HideSolutionNode = FALSE
	EndGlobalSection
	GlobalSection(ExtensibilityGlobals) = postSolution
		SolutionGuid = {7A769F54-20C6-4BAD-BB6B-0D7401532CF3}
	EndGlobalSection
EndGlobal
