
Microsoft Visual Studio Solution File, Format Version 12.00
# Visual Studio Version 17
VisualStudioVersion = 17.5.002.0
MinimumVisualStudioVersion = 10.0.40219.1
Project("{9A19103F-16F7-4668-BE54-9A1E7A4F7556}") = "Task1", "Task1.csproj", "{9653AFC5-817C-4189-A630-F51A90B2C79D}"
EndProject
Global
	GlobalSection(SolutionConfigurationPlatforms) = preSolution
		Debug|Any CPU = Debug|Any CPU
		Release|Any CPU = Release|Any CPU
	EndGlobalSection
	GlobalSection(ProjectConfigurationPlatforms) = postSolution
		{9653AFC5-817C-4189-A630-F51A90B2C79D}.Debug|Any CPU.ActiveCfg = Debug|Any CPU
		{9653AFC5-817C-4189-A630-F51A90B2C79D}.Debug|Any CPU.Build.0 = Debug|Any CPU
		{9653AFC5-817C-4189-A630-F51A90B2C79D}.Release|Any CPU.ActiveCfg = Release|Any CPU
		{9653AFC5-817C-4189-A630-F51A90B2C79D}.Release|Any CPU.Build.0 = Release|Any CPU
	EndGlobalSection
	GlobalSection(SolutionProperties) = preSolution
		HideSolutionNode = FALSE
	EndGlobalSection
	GlobalSection(ExtensibilityGlobals) = postSolution
		SolutionGuid = {25D913DA-A74E-4293-93B2-9C0387A899A8}
	EndGlobalSection
EndGlobal
