
Microsoft Visual Studio Solution File, Format Version 12.00
# Visual Studio Version 17
VisualStudioVersion = 17.5.002.0
MinimumVisualStudioVersion = 10.0.40219.1
Project("{9A19103F-16F7-4668-BE54-9A1E7A4F7556}") = "Task1", "Task1.csproj", "{225CD58B-E256-4375-8417-C3060E025D92}"
EndProject
Global
	GlobalSection(SolutionConfigurationPlatforms) = preSolution
		Debug|Any CPU = Debug|Any CPU
		Release|Any CPU = Release|Any CPU
	EndGlobalSection
	GlobalSection(ProjectConfigurationPlatforms) = postSolution
		{225CD58B-E256-4375-8417-C3060E025D92}.Debug|Any CPU.ActiveCfg = Debug|Any CPU
		{225CD58B-E256-4375-8417-C3060E025D92}.Debug|Any CPU.Build.0 = Debug|Any CPU
		{225CD58B-E256-4375-8417-C3060E025D92}.Release|Any CPU.ActiveCfg = Release|Any CPU
		{225CD58B-E256-4375-8417-C3060E025D92}.Release|Any CPU.Build.0 = Release|Any CPU
	EndGlobalSection
	GlobalSection(SolutionProperties) = preSolution
		HideSolutionNode = FALSE
	EndGlobalSection
	GlobalSection(ExtensibilityGlobals) = postSolution
		SolutionGuid = {C172535F-5840-46B4-B114-7AC0585DE5B9}
	EndGlobalSection
EndGlobal
