
Microsoft Visual Studio Solution File, Format Version 12.00
# Visual Studio Version 17
VisualStudioVersion = 17.5.002.0
MinimumVisualStudioVersion = 10.0.40219.1
Project("{9A19103F-16F7-4668-BE54-9A1E7A4F7556}") = "Test", "Test.csproj", "{ED55B14E-DEFA-41A9-A26B-817B96DE469B}"
EndProject
Global
	GlobalSection(SolutionConfigurationPlatforms) = preSolution
		Debug|Any CPU = Debug|Any CPU
		Release|Any CPU = Release|Any CPU
	EndGlobalSection
	GlobalSection(ProjectConfigurationPlatforms) = postSolution
		{ED55B14E-DEFA-41A9-A26B-817B96DE469B}.Debug|Any CPU.ActiveCfg = Debug|Any CPU
		{ED55B14E-DEFA-41A9-A26B-817B96DE469B}.Debug|Any CPU.Build.0 = Debug|Any CPU
		{ED55B14E-DEFA-41A9-A26B-817B96DE469B}.Release|Any CPU.ActiveCfg = Release|Any CPU
		{ED55B14E-DEFA-41A9-A26B-817B96DE469B}.Release|Any CPU.Build.0 = Release|Any CPU
	EndGlobalSection
	GlobalSection(SolutionProperties) = preSolution
		HideSolutionNode = FALSE
	EndGlobalSection
	GlobalSection(ExtensibilityGlobals) = postSolution
		SolutionGuid = {8246398F-0FD4-4C92-B9C4-74E8065A4E43}
	EndGlobalSection
EndGlobal
