
Microsoft Visual Studio Solution File, Format Version 12.00
# Visual Studio Version 17
VisualStudioVersion = 17.5.002.0
MinimumVisualStudioVersion = 10.0.40219.1
Project("{9A19103F-16F7-4668-BE54-9A1E7A4F7556}") = "Task3", "Task3.csproj", "{649FFE53-035B-4B4D-BCF9-DBBD5CA0332F}"
EndProject
Global
	GlobalSection(SolutionConfigurationPlatforms) = preSolution
		Debug|Any CPU = Debug|Any CPU
		Release|Any CPU = Release|Any CPU
	EndGlobalSection
	GlobalSection(ProjectConfigurationPlatforms) = postSolution
		{649FFE53-035B-4B4D-BCF9-DBBD5CA0332F}.Debug|Any CPU.ActiveCfg = Debug|Any CPU
		{649FFE53-035B-4B4D-BCF9-DBBD5CA0332F}.Debug|Any CPU.Build.0 = Debug|Any CPU
		{649FFE53-035B-4B4D-BCF9-DBBD5CA0332F}.Release|Any CPU.ActiveCfg = Release|Any CPU
		{649FFE53-035B-4B4D-BCF9-DBBD5CA0332F}.Release|Any CPU.Build.0 = Release|Any CPU
	EndGlobalSection
	GlobalSection(SolutionProperties) = preSolution
		HideSolutionNode = FALSE
	EndGlobalSection
	GlobalSection(ExtensibilityGlobals) = postSolution
		SolutionGuid = {F94A9FEC-20F9-40A6-9829-D689815BCEC1}
	EndGlobalSection
EndGlobal
